
Microsoft Visual Studio Solution File, Format Version 12.00
# Visual Studio 15
VisualStudioVersion = 15.0.28307.902
MinimumVisualStudioVersion = 10.0.40219.1
Project("{FAE04EC0-301F-11D3-BF4B-00C04F79EFBC}") = "GitApplication2019", "GitApplication2019\GitApplication2019.csproj", "{EAC52DEF-7E40-494C-A2B8-DA7681599D25}"
EndProject
Global
	GlobalSection(SolutionConfigurationPlatforms) = preSolution
		Debug|Any CPU = Debug|Any CPU
		Release|Any CPU = Release|Any CPU
	EndGlobalSection
	GlobalSection(ProjectConfigurationPlatforms) = postSolution
		{EAC52DEF-7E40-494C-A2B8-DA7681599D25}.Debug|Any CPU.ActiveCfg = Debug|Any CPU
		{EAC52DEF-7E40-494C-A2B8-DA7681599D25}.Debug|Any CPU.Build.0 = Debug|Any CPU
		{EAC52DEF-7E40-494C-A2B8-DA7681599D25}.Release|Any CPU.ActiveCfg = Release|Any CPU
		{EAC52DEF-7E40-494C-A2B8-DA7681599D25}.Release|Any CPU.Build.0 = Release|Any CPU
	EndGlobalSection
	GlobalSection(SolutionProperties) = preSolution
		HideSolutionNode = FALSE
	EndGlobalSection
	GlobalSection(ExtensibilityGlobals) = postSolution
		SolutionGuid = {FCD4D29D-7E8F-4E96-9781-AD7A2A93E361}
	EndGlobalSection
EndGlobal
